# THIS IS AN AUTOGENERATED FILE. DO NOT EDIT THIS FILE DIRECTLY.
# yarn lockfile v1


"@types/commander@^2.12.2":
  version "2.12.2"
  resolved "https://registry.npm.taobao.org/@types/commander/download/@types/commander-2.12.2.tgz#183041a23842d4281478fa5d23c5ca78e6fd08ae"
  integrity sha1-GDBBojhC1CgUePpdI8XKeOb9CK4=
  dependencies:
    commander "*"

commander@*, commander@^5.1.0:
  version "5.1.0"
  resolved "https://registry.npm.taobao.org/commander/download/commander-5.1.0.tgz?cache=0&sync_timestamp=1587781596778&other_urls=https%3A%2F%2Fregistry.npm.taobao.org%2Fcommander%2Fdownload%2Fcommander-5.1.0.tgz#46abbd1652f8e059bddaef99bbdcb2ad9cf179ae"
  integrity sha1-Rqu9FlL44Fm92u+Zu9yyrZzxea4=
